
Microsoft Visual Studio Solution File, Format Version 12.00
# Visual Studio Version 17
VisualStudioVersion = 17.0.31903.59
MinimumVisualStudioVersion = 10.0.40219.1
Project("{2150E333-8FDC-42A3-9474-1A3956D46DE8}") = "src", "src", "{827E0CD3-B72D-47B6-A68D-7590B98EB39B}"
EndProject
Project("{FAE04EC0-301F-11D3-BF4B-00C04F79EFBC}") = "WindowsPerformance.App", "src\WindowsPerformance.App\WindowsPerformance.App.csproj", "{720F581E-6040-4720-937A-4D881701CFDA}"
EndProject
Project("{FAE04EC0-301F-11D3-BF4B-00C04F79EFBC}") = "WindowsPerformance.Core", "src\WindowsPerformance.Core\WindowsPerformance.Core.csproj", "{C8C5017F-421E-4461-A0F4-0797A91117D7}"
EndProject
Project("{FAE04EC0-301F-11D3-BF4B-00C04F79EFBC}") = "WindowsPerformance.ViewModels", "src\WindowsPerformance.ViewModels\WindowsPerformance.ViewModels.csproj", "{1E90CB20-735D-428D-9540-87104A08E040}"
EndProject
Project("{FAE04EC0-301F-11D3-BF4B-00C04F79EFBC}") = "WindowsPerformance.Services", "src\WindowsPerformance.Services\WindowsPerformance.Services.csproj", "{D9475789-DB6F-4B91-837A-29E512071A93}"
EndProject
Project("{FAE04EC0-301F-11D3-BF4B-00C04F79EFBC}") = "WindowsPerformance.Data", "src\WindowsPerformance.Data\WindowsPerformance.Data.csproj", "{EAD926D6-DA24-4FF0-B682-EE98C2DD78D1}"
EndProject
Project("{FAE04EC0-301F-11D3-BF4B-00C04F79EFBC}") = "WindowsPerformance.Elevation", "src\WindowsPerformance.Elevation\WindowsPerformance.Elevation.csproj", "{611EAA3E-004E-4505-A82A-88F623596B79}"
EndProject
Project("{FAE04EC0-301F-11D3-BF4B-00C04F79EFBC}") = "WindowsPerformance.Tests.Unit", "tests\WindowsPerformance.Tests.Unit\WindowsPerformance.Tests.Unit.csproj", "{68B58753-58FF-47E1-8E1F-62988A0B7C6D}"
EndProject
Project("{FAE04EC0-301F-11D3-BF4B-00C04F79EFBC}") = "WindowsPerformance.Tests.Integration", "tests\WindowsPerformance.Tests.Integration\WindowsPerformance.Tests.Integration.csproj", "{D1040067-0BEE-4B4A-8B6F-0C93A7066AEB}"
EndProject
Global
	GlobalSection(SolutionConfigurationPlatforms) = preSolution
		Debug|Any CPU = Debug|Any CPU
		Debug|x64 = Debug|x64
		Debug|x86 = Debug|x86
		Release|Any CPU = Release|Any CPU
		Release|x64 = Release|x64
		Release|x86 = Release|x86
	EndGlobalSection
	GlobalSection(ProjectConfigurationPlatforms) = postSolution
		{720F581E-6040-4720-937A-4D881701CFDA}.Debug|Any CPU.ActiveCfg = Debug|Any CPU
		{720F581E-6040-4720-937A-4D881701CFDA}.Debug|Any CPU.Build.0 = Debug|Any CPU
		{720F581E-6040-4720-937A-4D881701CFDA}.Debug|x64.ActiveCfg = Debug|Any CPU
		{720F581E-6040-4720-937A-4D881701CFDA}.Debug|x64.Build.0 = Debug|Any CPU
		{720F581E-6040-4720-937A-4D881701CFDA}.Debug|x86.ActiveCfg = Debug|Any CPU
		{720F581E-6040-4720-937A-4D881701CFDA}.Debug|x86.Build.0 = Debug|Any CPU
		{720F581E-6040-4720-937A-4D881701CFDA}.Release|Any CPU.ActiveCfg = Release|Any CPU
		{720F581E-6040-4720-937A-4D881701CFDA}.Release|Any CPU.Build.0 = Release|Any CPU
		{720F581E-6040-4720-937A-4D881701CFDA}.Release|x64.ActiveCfg = Release|Any CPU
		{720F581E-6040-4720-937A-4D881701CFDA}.Release|x64.Build.0 = Release|Any CPU
		{720F581E-6040-4720-937A-4D881701CFDA}.Release|x86.ActiveCfg = Release|Any CPU
		{720F581E-6040-4720-937A-4D881701CFDA}.Release|x86.Build.0 = Release|Any CPU
		{C8C5017F-421E-4461-A0F4-0797A91117D7}.Debug|Any CPU.ActiveCfg = Debug|Any CPU
		{C8C5017F-421E-4461-A0F4-0797A91117D7}.Debug|Any CPU.Build.0 = Debug|Any CPU
		{C8C5017F-421E-4461-A0F4-0797A91117D7}.Debug|x64.ActiveCfg = Debug|Any CPU
		{C8C5017F-421E-4461-A0F4-0797A91117D7}.Debug|x64.Build.0 = Debug|Any CPU
		{C8C5017F-421E-4461-A0F4-0797A91117D7}.Debug|x86.ActiveCfg = Debug|Any CPU
		{C8C5017F-421E-4461-A0F4-0797A91117D7}.Debug|x86.Build.0 = Debug|Any CPU
		{C8C5017F-421E-4461-A0F4-0797A91117D7}.Release|Any CPU.ActiveCfg = Release|Any CPU
		{C8C5017F-421E-4461-A0F4-0797A91117D7}.Release|Any CPU.Build.0 = Release|Any CPU
		{C8C5017F-421E-4461-A0F4-0797A91117D7}.Release|x64.ActiveCfg = Release|Any CPU
		{C8C5017F-421E-4461-A0F4-0797A91117D7}.Release|x64.Build.0 = Release|Any CPU
		{C8C5017F-421E-4461-A0F4-0797A91117D7}.Release|x86.ActiveCfg = Release|Any CPU
		{C8C5017F-421E-4461-A0F4-0797A91117D7}.Release|x86.Build.0 = Release|Any CPU
		{1E90CB20-735D-428D-9540-87104A08E040}.Debug|Any CPU.ActiveCfg = Debug|Any CPU
		{1E90CB20-735D-428D-9540-87104A08E040}.Debug|Any CPU.Build.0 = Debug|Any CPU
		{1E90CB20-735D-428D-9540-87104A08E040}.Debug|x64.ActiveCfg = Debug|Any CPU
		{1E90CB20-735D-428D-9540-87104A08E040}.Debug|x64.Build.0 = Debug|Any CPU
		{1E90CB20-735D-428D-9540-87104A08E040}.Debug|x86.ActiveCfg = Debug|Any CPU
		{1E90CB20-735D-428D-9540-87104A08E040}.Debug|x86.Build.0 = Debug|Any CPU
		{1E90CB20-735D-428D-9540-87104A08E040}.Release|Any CPU.ActiveCfg = Release|Any CPU
		{1E90CB20-735D-428D-9540-87104A08E040}.Release|Any CPU.Build.0 = Release|Any CPU
		{1E90CB20-735D-428D-9540-87104A08E040}.Release|x64.ActiveCfg = Release|Any CPU
		{1E90CB20-735D-428D-9540-87104A08E040}.Release|x64.Build.0 = Release|Any CPU
		{1E90CB20-735D-428D-9540-87104A08E040}.Release|x86.ActiveCfg = Release|Any CPU
		{1E90CB20-735D-428D-9540-87104A08E040}.Release|x86.Build.0 = Release|Any CPU
		{D9475789-DB6F-4B91-837A-29E512071A93}.Debug|Any CPU.ActiveCfg = Debug|Any CPU
		{D9475789-DB6F-4B91-837A-29E512071A93}.Debug|Any CPU.Build.0 = Debug|Any CPU
		{D9475789-DB6F-4B91-837A-29E512071A93}.Debug|x64.ActiveCfg = Debug|Any CPU
		{D9475789-DB6F-4B91-837A-29E512071A93}.Debug|x64.Build.0 = Debug|Any CPU
		{D9475789-DB6F-4B91-837A-29E512071A93}.Debug|x86.ActiveCfg = Debug|Any CPU
		{D9475789-DB6F-4B91-837A-29E512071A93}.Debug|x86.Build.0 = Debug|Any CPU
		{D9475789-DB6F-4B91-837A-29E512071A93}.Release|Any CPU.ActiveCfg = Release|Any CPU
		{D9475789-DB6F-4B91-837A-29E512071A93}.Release|Any CPU.Build.0 = Release|Any CPU
		{D9475789-DB6F-4B91-837A-29E512071A93}.Release|x64.ActiveCfg = Release|Any CPU
		{D9475789-DB6F-4B91-837A-29E512071A93}.Release|x64.Build.0 = Release|Any CPU
		{D9475789-DB6F-4B91-837A-29E512071A93}.Release|x86.ActiveCfg = Release|Any CPU
		{D9475789-DB6F-4B91-837A-29E512071A93}.Release|x86.Build.0 = Release|Any CPU
		{EAD926D6-DA24-4FF0-B682-EE98C2DD78D1}.Debug|Any CPU.ActiveCfg = Debug|Any CPU
		{EAD926D6-DA24-4FF0-B682-EE98C2DD78D1}.Debug|Any CPU.Build.0 = Debug|Any CPU
		{EAD926D6-DA24-4FF0-B682-EE98C2DD78D1}.Debug|x64.ActiveCfg = Debug|Any CPU
		{EAD926D6-DA24-4FF0-B682-EE98C2DD78D1}.Debug|x64.Build.0 = Debug|Any CPU
		{EAD926D6-DA24-4FF0-B682-EE98C2DD78D1}.Debug|x86.ActiveCfg = Debug|Any CPU
		{EAD926D6-DA24-4FF0-B682-EE98C2DD78D1}.Debug|x86.Build.0 = Debug|Any CPU
		{EAD926D6-DA24-4FF0-B682-EE98C2DD78D1}.Release|Any CPU.ActiveCfg = Release|Any CPU
		{EAD926D6-DA24-4FF0-B682-EE98C2DD78D1}.Release|Any CPU.Build.0 = Release|Any CPU
		{EAD926D6-DA24-4FF0-B682-EE98C2DD78D1}.Release|x64.ActiveCfg = Release|Any CPU
		{EAD926D6-DA24-4FF0-B682-EE98C2DD78D1}.Release|x64.Build.0 = Release|Any CPU
		{EAD926D6-DA24-4FF0-B682-EE98C2DD78D1}.Release|x86.ActiveCfg = Release|Any CPU
		{EAD926D6-DA24-4FF0-B682-EE98C2DD78D1}.Release|x86.Build.0 = Release|Any CPU
		{611EAA3E-004E-4505-A82A-88F623596B79}.Debug|Any CPU.ActiveCfg = Debug|Any CPU
		{611EAA3E-004E-4505-A82A-88F623596B79}.Debug|Any CPU.Build.0 = Debug|Any CPU
		{611EAA3E-004E-4505-A82A-88F623596B79}.Debug|x64.ActiveCfg = Debug|Any CPU
		{611EAA3E-004E-4505-A82A-88F623596B79}.Debug|x64.Build.0 = Debug|Any CPU
		{611EAA3E-004E-4505-A82A-88F623596B79}.Debug|x86.ActiveCfg = Debug|Any CPU
		{611EAA3E-004E-4505-A82A-88F623596B79}.Debug|x86.Build.0 = Debug|Any CPU
		{611EAA3E-004E-4505-A82A-88F623596B79}.Release|Any CPU.ActiveCfg = Release|Any CPU
		{611EAA3E-004E-4505-A82A-88F623596B79}.Release|Any CPU.Build.0 = Release|Any CPU
		{611EAA3E-004E-4505-A82A-88F623596B79}.Release|x64.ActiveCfg = Release|Any CPU
		{611EAA3E-004E-4505-A82A-88F623596B79}.Release|x64.Build.0 = Release|Any CPU
		{611EAA3E-004E-4505-A82A-88F623596B79}.Release|x86.ActiveCfg = Release|Any CPU
		{611EAA3E-004E-4505-A82A-88F623596B79}.Release|x86.Build.0 = Release|Any CPU
		{68B58753-58FF-47E1-8E1F-62988A0B7C6D}.Debug|Any CPU.ActiveCfg = Debug|Any CPU
		{68B58753-58FF-47E1-8E1F-62988A0B7C6D}.Debug|Any CPU.Build.0 = Debug|Any CPU
		{68B58753-58FF-47E1-8E1F-62988A0B7C6D}.Debug|x64.ActiveCfg = Debug|Any CPU
		{68B58753-58FF-47E1-8E1F-62988A0B7C6D}.Debug|x64.Build.0 = Debug|Any CPU
		{68B58753-58FF-47E1-8E1F-62988A0B7C6D}.Debug|x86.ActiveCfg = Debug|Any CPU
		{68B58753-58FF-47E1-8E1F-62988A0B7C6D}.Debug|x86.Build.0 = Debug|Any CPU
		{68B58753-58FF-47E1-8E1F-62988A0B7C6D}.Release|Any CPU.ActiveCfg = Release|Any CPU
		{68B58753-58FF-47E1-8E1F-62988A0B7C6D}.Release|Any CPU.Build.0 = Release|Any CPU
		{68B58753-58FF-47E1-8E1F-62988A0B7C6D}.Release|x64.ActiveCfg = Release|Any CPU
		{68B58753-58FF-47E1-8E1F-62988A0B7C6D}.Release|x64.Build.0 = Release|Any CPU
		{68B58753-58FF-47E1-8E1F-62988A0B7C6D}.Release|x86.ActiveCfg = Release|Any CPU
		{68B58753-58FF-47E1-8E1F-62988A0B7C6D}.Release|x86.Build.0 = Release|Any CPU
		{D1040067-0BEE-4B4A-8B6F-0C93A7066AEB}.Debug|Any CPU.ActiveCfg = Debug|Any CPU
		{D1040067-0BEE-4B4A-8B6F-0C93A7066AEB}.Debug|Any CPU.Build.0 = Debug|Any CPU
		{D1040067-0BEE-4B4A-8B6F-0C93A7066AEB}.Debug|x64.ActiveCfg = Debug|Any CPU
		{D1040067-0BEE-4B4A-8B6F-0C93A7066AEB}.Debug|x64.Build.0 = Debug|Any CPU
		{D1040067-0BEE-4B4A-8B6F-0C93A7066AEB}.Debug|x86.ActiveCfg = Debug|Any CPU
		{D1040067-0BEE-4B4A-8B6F-0C93A7066AEB}.Debug|x86.Build.0 = Debug|Any CPU
		{D1040067-0BEE-4B4A-8B6F-0C93A7066AEB}.Release|Any CPU.ActiveCfg = Release|Any CPU
		{D1040067-0BEE-4B4A-8B6F-0C93A7066AEB}.Release|Any CPU.Build.0 = Release|Any CPU
		{D1040067-0BEE-4B4A-8B6F-0C93A7066AEB}.Release|x64.ActiveCfg = Release|Any CPU
		{D1040067-0BEE-4B4A-8B6F-0C93A7066AEB}.Release|x64.Build.0 = Release|Any CPU
		{D1040067-0BEE-4B4A-8B6F-0C93A7066AEB}.Release|x86.ActiveCfg = Release|Any CPU
		{D1040067-0BEE-4B4A-8B6F-0C93A7066AEB}.Release|x86.Build.0 = Release|Any CPU
	EndGlobalSection
	GlobalSection(SolutionProperties) = preSolution
		HideSolutionNode = FALSE
	EndGlobalSection
	GlobalSection(NestedProjects) = preSolution
		{720F581E-6040-4720-937A-4D881701CFDA} = {827E0CD3-B72D-47B6-A68D-7590B98EB39B}
		{C8C5017F-421E-4461-A0F4-0797A91117D7} = {827E0CD3-B72D-47B6-A68D-7590B98EB39B}
		{1E90CB20-735D-428D-9540-87104A08E040} = {827E0CD3-B72D-47B6-A68D-7590B98EB39B}
		{D9475789-DB6F-4B91-837A-29E512071A93} = {827E0CD3-B72D-47B6-A68D-7590B98EB39B}
		{EAD926D6-DA24-4FF0-B682-EE98C2DD78D1} = {827E0CD3-B72D-47B6-A68D-7590B98EB39B}
		{611EAA3E-004E-4505-A82A-88F623596B79} = {827E0CD3-B72D-47B6-A68D-7590B98EB39B}
		{68B58753-58FF-47E1-8E1F-62988A0B7C6D} = {827E0CD3-B72D-47B6-A68D-7590B98EB39B}
		{D1040067-0BEE-4B4A-8B6F-0C93A7066AEB} = {827E0CD3-B72D-47B6-A68D-7590B98EB39B}
	EndGlobalSection
EndGlobal
